// !$*UTF8*$!
{
	archiveVersion = 1;
	classes = {
	};
	objectVersion = 56;
	objects = {

/* Begin PBXBuildFile section */
		E21AF95C2A7B965B00E33912 /* goparserApp.swift in Sources */ = {isa = PBXBuildFile; fileRef = E21AF95B2A7B965B00E33912 /* goparserApp.swift */; };
		E21AF95E2A7B965B00E33912 /* ContentView.swift in Sources */ = {isa = PBXBuildFile; fileRef = E21AF95D2A7B965B00E33912 /* ContentView.swift */; };
		E21AF9602A7B966400E33912 /* Assets.xcassets in Resources */ = {isa = PBXBuildFile; fileRef = E21AF95F2A7B966400E33912 /* Assets.xcassets */; };
		E21AF9632A7B966400E33912 /* Preview Assets.xcassets in Resources */ = {isa = PBXBuildFile; fileRef = E21AF9622A7B966400E33912 /* Preview Assets.xcassets */; };
		E21AF96E2A7B966400E33912 /* goparserTests.swift in Sources */ = {isa = PBXBuildFile; fileRef = E21AF96D2A7B966400E33912 /* goparserTests.swift */; };
		E21AF9782A7B966400E33912 /* goparserUITests.swift in Sources */ = {isa = PBXBuildFile; fileRef = E21AF9772A7B966400E33912 /* goparserUITests.swift */; };
		E21AF97A2A7B966400E33912 /* goparserUITestsLaunchTests.swift in Sources */ = {isa = PBXBuildFile; fileRef = E21AF9792A7B966400E33912 /* goparserUITestsLaunchTests.swift */; };
		E21AF9882A7BED2100E33912 /* FileKit in Frameworks */ = {isa = PBXBuildFile; productRef = E21AF9872A7BED2100E33912 /* FileKit */; };
		E21AF98B2A7C0B7000E33912 /* Antlr4 in Frameworks */ = {isa = PBXBuildFile; productRef = E21AF98A2A7C0B7000E33912 /* Antlr4 */; };
		E21AF98F2A7E1F8900E33912 /* Assistant.swift in Sources */ = {isa = PBXBuildFile; fileRef = E21AF98E2A7E1F8900E33912 /* Assistant.swift */; };
		E21AF9B72A81EBA100E33912 /* GoVisitor.swift in Sources */ = {isa = PBXBuildFile; fileRef = E21AF9B62A81EBA100E33912 /* GoVisitor.swift */; };
		E21AF9B92A81F55B00E33912 /* GoParserBase.swift in Sources */ = {isa = PBXBuildFile; fileRef = E21AF9B82A81F55B00E33912 /* GoParserBase.swift */; };
		E21AF9C12A8CB91000E33912 /* GomodelsParserBaseVisitor.swift in Sources */ = {isa = PBXBuildFile; fileRef = E21AF9BB2A8CB91000E33912 /* GomodelsParserBaseVisitor.swift */; };
		E21AF9C22A8CB91000E33912 /* GomodelsParser.swift in Sources */ = {isa = PBXBuildFile; fileRef = E21AF9BC2A8CB91000E33912 /* GomodelsParser.swift */; };
		E21AF9C32A8CB91000E33912 /* GomodelsParserBaseListener.swift in Sources */ = {isa = PBXBuildFile; fileRef = E21AF9BD2A8CB91000E33912 /* GomodelsParserBaseListener.swift */; };
		E21AF9C42A8CB91000E33912 /* GomodelsParserListener.swift in Sources */ = {isa = PBXBuildFile; fileRef = E21AF9BE2A8CB91000E33912 /* GomodelsParserListener.swift */; };
		E21AF9C52A8CB91000E33912 /* GomodelsLexer.swift in Sources */ = {isa = PBXBuildFile; fileRef = E21AF9BF2A8CB91000E33912 /* GomodelsLexer.swift */; };
		E21AF9C62A8CB91000E33912 /* GomodelsParserVisitor.swift in Sources */ = {isa = PBXBuildFile; fileRef = E21AF9C02A8CB91000E33912 /* GomodelsParserVisitor.swift */; };
		E21AF9C92A8CB97700E33912 /* parser.swift in Sources */ = {isa = PBXBuildFile; fileRef = E21AF9C82A8CB97700E33912 /* parser.swift */; };
		E21AF9CD2A8DB51A00E33912 /* visitor1.swift in Sources */ = {isa = PBXBuildFile; fileRef = E21AF9CC2A8DB51A00E33912 /* visitor1.swift */; };
		E26161202AA8CDA900A30A84 /* LanguageOptionsView.swift in Sources */ = {isa = PBXBuildFile; fileRef = E261611F2AA8CDA900A30A84 /* LanguageOptionsView.swift */; };
		E26161232AA8CDE700A30A84 /* LanguageRow.swift in Sources */ = {isa = PBXBuildFile; fileRef = E26161222AA8CDE700A30A84 /* LanguageRow.swift */; };
		E26161252AA8CE0F00A30A84 /* TargetFile.swift in Sources */ = {isa = PBXBuildFile; fileRef = E26161242AA8CE0F00A30A84 /* TargetFile.swift */; };
		E26161292AB20C1500A30A84 /* Log.swift in Sources */ = {isa = PBXBuildFile; fileRef = E26161282AB20C1500A30A84 /* Log.swift */; };
		E261612B2AB20CE800A30A84 /* UserDefault+Wrapper.swift in Sources */ = {isa = PBXBuildFile; fileRef = E261612A2AB20CE800A30A84 /* UserDefault+Wrapper.swift */; };
		E261612E2AB6EAF300A30A84 /* ProjectCache.swift in Sources */ = {isa = PBXBuildFile; fileRef = E261612D2AB6EAF300A30A84 /* ProjectCache.swift */; };
		E26161302AB6EB7A00A30A84 /* ContentView+Row.swift in Sources */ = {isa = PBXBuildFile; fileRef = E261612F2AB6EB7A00A30A84 /* ContentView+Row.swift */; };
		E26161322AB6EC1800A30A84 /* ContentView+Header.swift in Sources */ = {isa = PBXBuildFile; fileRef = E26161312AB6EC1800A30A84 /* ContentView+Header.swift */; };
		E26161342AB6ED1F00A30A84 /* Commands.swift in Sources */ = {isa = PBXBuildFile; fileRef = E26161332AB6ED1F00A30A84 /* Commands.swift */; };
		E26161382AB99DE100A30A84 /* SwiftUI+Binding.swift in Sources */ = {isa = PBXBuildFile; fileRef = E26161372AB99DE100A30A84 /* SwiftUI+Binding.swift */; };
		E29247C92A9A416C008C5F70 /* Panel+Ex.swift in Sources */ = {isa = PBXBuildFile; fileRef = E29247C82A9A416C008C5F70 /* Panel+Ex.swift */; };
		E29247CC2A9DCD6E008C5F70 /* GolangLocaleUtils.swift in Sources */ = {isa = PBXBuildFile; fileRef = E29247CB2A9DCD6E008C5F70 /* GolangLocaleUtils.swift */; };
		E29247CE2A9DCD86008C5F70 /* LocaleLanguage.swift in Sources */ = {isa = PBXBuildFile; fileRef = E29247CD2A9DCD86008C5F70 /* LocaleLanguage.swift */; };
		E29247DC2AA1D2D4008C5F70 /* Date.swift in Sources */ = {isa = PBXBuildFile; fileRef = E29247D02AA1D2D4008C5F70 /* Date.swift */; };
		E29247DD2AA1D2D4008C5F70 /* Lexer.swift in Sources */ = {isa = PBXBuildFile; fileRef = E29247D12AA1D2D4008C5F70 /* Lexer.swift */; };
		E29247DE2AA1D2D4008C5F70 /* Serialize.swift in Sources */ = {isa = PBXBuildFile; fileRef = E29247D22AA1D2D4008C5F70 /* Serialize.swift */; };
		E29247DF2AA1D2D4008C5F70 /* Evaluator.swift in Sources */ = {isa = PBXBuildFile; fileRef = E29247D32AA1D2D4008C5F70 /* Evaluator.swift */; };
		E29247E02AA1D2D4008C5F70 /* Tokens.swift in Sources */ = {isa = PBXBuildFile; fileRef = E29247D42AA1D2D4008C5F70 /* Tokens.swift */; };
		E29247E12AA1D2D4008C5F70 /* Helpers.swift in Sources */ = {isa = PBXBuildFile; fileRef = E29247D52AA1D2D4008C5F70 /* Helpers.swift */; };
		E29247E22AA1D2D4008C5F70 /* Toml.swift in Sources */ = {isa = PBXBuildFile; fileRef = E29247D62AA1D2D4008C5F70 /* Toml.swift */; };
		E29247E32AA1D2D4008C5F70 /* Path.swift in Sources */ = {isa = PBXBuildFile; fileRef = E29247D72AA1D2D4008C5F70 /* Path.swift */; };
		E29247E42AA1D2D4008C5F70 /* Regex.swift in Sources */ = {isa = PBXBuildFile; fileRef = E29247D82AA1D2D4008C5F70 /* Regex.swift */; };
		E29247E52AA1D2D4008C5F70 /* Grammar.swift in Sources */ = {isa = PBXBuildFile; fileRef = E29247D92AA1D2D4008C5F70 /* Grammar.swift */; };
		E29247E62AA1D2D4008C5F70 /* String.swift in Sources */ = {isa = PBXBuildFile; fileRef = E29247DA2AA1D2D4008C5F70 /* String.swift */; };
		E29247E72AA1D2D4008C5F70 /* Parser.swift in Sources */ = {isa = PBXBuildFile; fileRef = E29247DB2AA1D2D4008C5F70 /* Parser.swift */; };
		E29247E92AA1D3B2008C5F70 /* File.swift in Sources */ = {isa = PBXBuildFile; fileRef = E29247E82AA1D3B2008C5F70 /* File.swift */; };
		E2E779612A934C1C00AB3F16 /* Expr.swift in Sources */ = {isa = PBXBuildFile; fileRef = E2E779602A934C1C00AB3F16 /* Expr.swift */; };
		E2E779632A93B5DB00AB3F16 /* DataType.swift in Sources */ = {isa = PBXBuildFile; fileRef = E2E779622A93B5DB00AB3F16 /* DataType.swift */; };
		E2E779652A93B60C00AB3F16 /* GomodelsParserBaseVisitor+Ex.swift in Sources */ = {isa = PBXBuildFile; fileRef = E2E779642A93B60C00AB3F16 /* GomodelsParserBaseVisitor+Ex.swift */; };
		E2E779672A93B6B500AB3F16 /* MapDataType.swift in Sources */ = {isa = PBXBuildFile; fileRef = E2E779662A93B6B500AB3F16 /* MapDataType.swift */; };
		E2E779692A93B6CA00AB3F16 /* Pointer.swift in Sources */ = {isa = PBXBuildFile; fileRef = E2E779682A93B6CA00AB3F16 /* Pointer.swift */; };
		E2E7796B2A93B6DB00AB3F16 /* ArrayDataType.swift in Sources */ = {isa = PBXBuildFile; fileRef = E2E7796A2A93B6DB00AB3F16 /* ArrayDataType.swift */; };
		E2E7796D2A93B70100AB3F16 /* TypeField.swift in Sources */ = {isa = PBXBuildFile; fileRef = E2E7796C2A93B70100AB3F16 /* TypeField.swift */; };
		E2E7796F2A93B71E00AB3F16 /* TypeStruct.swift in Sources */ = {isa = PBXBuildFile; fileRef = E2E7796E2A93B71E00AB3F16 /* TypeStruct.swift */; };
		E2E779712A93B73900AB3F16 /* Token+Ex.swift in Sources */ = {isa = PBXBuildFile; fileRef = E2E779702A93B73900AB3F16 /* Token+Ex.swift */; };
		E2E779732A93B76C00AB3F16 /* ModelResult.swift in Sources */ = {isa = PBXBuildFile; fileRef = E2E779722A93B76C00AB3F16 /* ModelResult.swift */; };
		E2E779752A93B79C00AB3F16 /* Visitor.swift in Sources */ = {isa = PBXBuildFile; fileRef = E2E779742A93B79C00AB3F16 /* Visitor.swift */; };
/* End PBXBuildFile section */

/* Begin PBXContainerItemProxy section */
		E21AF96A2A7B966400E33912 /* PBXContainerItemProxy */ = {
			isa = PBXContainerItemProxy;
			containerPortal = E21AF9502A7B965B00E33912 /* Project object */;
			proxyType = 1;
			remoteGlobalIDString = E21AF9572A7B965B00E33912;
			remoteInfo = goparser;
		};
		E21AF9742A7B966400E33912 /* PBXContainerItemProxy */ = {
			isa = PBXContainerItemProxy;
			containerPortal = E21AF9502A7B965B00E33912 /* Project object */;
			proxyType = 1;
			remoteGlobalIDString = E21AF9572A7B965B00E33912;
			remoteInfo = goparser;
		};
/* End PBXContainerItemProxy section */

/* Begin PBXFileReference section */
		E21AF9582A7B965B00E33912 /* goparser.app */ = {isa = PBXFileReference; explicitFileType = wrapper.application; includeInIndex = 0; path = goparser.app; sourceTree = BUILT_PRODUCTS_DIR; };
		E21AF95B2A7B965B00E33912 /* goparserApp.swift */ = {isa = PBXFileReference; lastKnownFileType = sourcecode.swift; path = goparserApp.swift; sourceTree = "<group>"; };
		E21AF95D2A7B965B00E33912 /* ContentView.swift */ = {isa = PBXFileReference; lastKnownFileType = sourcecode.swift; path = ContentView.swift; sourceTree = "<group>"; };
		E21AF95F2A7B966400E33912 /* Assets.xcassets */ = {isa = PBXFileReference; lastKnownFileType = folder.assetcatalog; path = Assets.xcassets; sourceTree = "<group>"; };
		E21AF9622A7B966400E33912 /* Preview Assets.xcassets */ = {isa = PBXFileReference; lastKnownFileType = folder.assetcatalog; path = "Preview Assets.xcassets"; sourceTree = "<group>"; };
		E21AF9642A7B966400E33912 /* goparser.entitlements */ = {isa = PBXFileReference; lastKnownFileType = text.plist.entitlements; path = goparser.entitlements; sourceTree = "<group>"; };
		E21AF9692A7B966400E33912 /* goparserTests.xctest */ = {isa = PBXFileReference; explicitFileType = wrapper.cfbundle; includeInIndex = 0; path = goparserTests.xctest; sourceTree = BUILT_PRODUCTS_DIR; };
		E21AF96D2A7B966400E33912 /* goparserTests.swift */ = {isa = PBXFileReference; lastKnownFileType = sourcecode.swift; path = goparserTests.swift; sourceTree = "<group>"; };
		E21AF9732A7B966400E33912 /* goparserUITests.xctest */ = {isa = PBXFileReference; explicitFileType = wrapper.cfbundle; includeInIndex = 0; path = goparserUITests.xctest; sourceTree = BUILT_PRODUCTS_DIR; };
		E21AF9772A7B966400E33912 /* goparserUITests.swift */ = {isa = PBXFileReference; lastKnownFileType = sourcecode.swift; path = goparserUITests.swift; sourceTree = "<group>"; };
		E21AF9792A7B966400E33912 /* goparserUITestsLaunchTests.swift */ = {isa = PBXFileReference; lastKnownFileType = sourcecode.swift; path = goparserUITestsLaunchTests.swift; sourceTree = "<group>"; };
		E21AF98E2A7E1F8900E33912 /* Assistant.swift */ = {isa = PBXFileReference; lastKnownFileType = sourcecode.swift; path = Assistant.swift; sourceTree = "<group>"; };
		E21AF9B62A81EBA100E33912 /* GoVisitor.swift */ = {isa = PBXFileReference; lastKnownFileType = sourcecode.swift; path = GoVisitor.swift; sourceTree = "<group>"; };
		E21AF9B82A81F55B00E33912 /* GoParserBase.swift */ = {isa = PBXFileReference; fileEncoding = 4; lastKnownFileType = sourcecode.swift; path = GoParserBase.swift; sourceTree = "<group>"; };
		E21AF9BB2A8CB91000E33912 /* GomodelsParserBaseVisitor.swift */ = {isa = PBXFileReference; fileEncoding = 4; lastKnownFileType = sourcecode.swift; path = GomodelsParserBaseVisitor.swift; sourceTree = "<group>"; };
		E21AF9BC2A8CB91000E33912 /* GomodelsParser.swift */ = {isa = PBXFileReference; fileEncoding = 4; lastKnownFileType = sourcecode.swift; path = GomodelsParser.swift; sourceTree = "<group>"; };
		E21AF9BD2A8CB91000E33912 /* GomodelsParserBaseListener.swift */ = {isa = PBXFileReference; fileEncoding = 4; lastKnownFileType = sourcecode.swift; path = GomodelsParserBaseListener.swift; sourceTree = "<group>"; };
		E21AF9BE2A8CB91000E33912 /* GomodelsParserListener.swift */ = {isa = PBXFileReference; fileEncoding = 4; lastKnownFileType = sourcecode.swift; path = GomodelsParserListener.swift; sourceTree = "<group>"; };
		E21AF9BF2A8CB91000E33912 /* GomodelsLexer.swift */ = {isa = PBXFileReference; fileEncoding = 4; lastKnownFileType = sourcecode.swift; path = GomodelsLexer.swift; sourceTree = "<group>"; };
		E21AF9C02A8CB91000E33912 /* GomodelsParserVisitor.swift */ = {isa = PBXFileReference; fileEncoding = 4; lastKnownFileType = sourcecode.swift; path = GomodelsParserVisitor.swift; sourceTree = "<group>"; };
		E21AF9C82A8CB97700E33912 /* parser.swift */ = {isa = PBXFileReference; lastKnownFileType = sourcecode.swift; path = parser.swift; sourceTree = "<group>"; };
		E21AF9CC2A8DB51A00E33912 /* visitor1.swift */ = {isa = PBXFileReference; lastKnownFileType = sourcecode.swift; path = visitor1.swift; sourceTree = "<group>"; };
		E261611F2AA8CDA900A30A84 /* LanguageOptionsView.swift */ = {isa = PBXFileReference; lastKnownFileType = sourcecode.swift; path = LanguageOptionsView.swift; sourceTree = "<group>"; };
		E26161222AA8CDE700A30A84 /* LanguageRow.swift */ = {isa = PBXFileReference; lastKnownFileType = sourcecode.swift; path = LanguageRow.swift; sourceTree = "<group>"; };
		E26161242AA8CE0F00A30A84 /* TargetFile.swift */ = {isa = PBXFileReference; lastKnownFileType = sourcecode.swift; path = TargetFile.swift; sourceTree = "<group>"; };
		E26161282AB20C1500A30A84 /* Log.swift */ = {isa = PBXFileReference; lastKnownFileType = sourcecode.swift; path = Log.swift; sourceTree = "<group>"; };
		E261612A2AB20CE800A30A84 /* UserDefault+Wrapper.swift */ = {isa = PBXFileReference; lastKnownFileType = sourcecode.swift; path = "UserDefault+Wrapper.swift"; sourceTree = "<group>"; };
		E261612D2AB6EAF300A30A84 /* ProjectCache.swift */ = {isa = PBXFileReference; lastKnownFileType = sourcecode.swift; path = ProjectCache.swift; sourceTree = "<group>"; };
		E261612F2AB6EB7A00A30A84 /* ContentView+Row.swift */ = {isa = PBXFileReference; lastKnownFileType = sourcecode.swift; path = "ContentView+Row.swift"; sourceTree = "<group>"; };
		E26161312AB6EC1800A30A84 /* ContentView+Header.swift */ = {isa = PBXFileReference; lastKnownFileType = sourcecode.swift; path = "ContentView+Header.swift"; sourceTree = "<group>"; };
		E26161332AB6ED1F00A30A84 /* Commands.swift */ = {isa = PBXFileReference; lastKnownFileType = sourcecode.swift; path = Commands.swift; sourceTree = "<group>"; };
		E26161372AB99DE100A30A84 /* SwiftUI+Binding.swift */ = {isa = PBXFileReference; lastKnownFileType = sourcecode.swift; path = "SwiftUI+Binding.swift"; sourceTree = "<group>"; };
		E29247C82A9A416C008C5F70 /* Panel+Ex.swift */ = {isa = PBXFileReference; lastKnownFileType = sourcecode.swift; path = "Panel+Ex.swift"; sourceTree = "<group>"; };
		E29247CA2A9B09AA008C5F70 /* Info.plist */ = {isa = PBXFileReference; lastKnownFileType = text.plist; path = Info.plist; sourceTree = "<group>"; };
		E29247CB2A9DCD6E008C5F70 /* GolangLocaleUtils.swift */ = {isa = PBXFileReference; lastKnownFileType = sourcecode.swift; path = GolangLocaleUtils.swift; sourceTree = "<group>"; };
		E29247CD2A9DCD86008C5F70 /* LocaleLanguage.swift */ = {isa = PBXFileReference; lastKnownFileType = sourcecode.swift; path = LocaleLanguage.swift; sourceTree = "<group>"; };
		E29247D02AA1D2D4008C5F70 /* Date.swift */ = {isa = PBXFileReference; fileEncoding = 4; lastKnownFileType = sourcecode.swift; path = Date.swift; sourceTree = "<group>"; };
		E29247D12AA1D2D4008C5F70 /* Lexer.swift */ = {isa = PBXFileReference; fileEncoding = 4; lastKnownFileType = sourcecode.swift; path = Lexer.swift; sourceTree = "<group>"; };
		E29247D22AA1D2D4008C5F70 /* Serialize.swift */ = {isa = PBXFileReference; fileEncoding = 4; lastKnownFileType = sourcecode.swift; path = Serialize.swift; sourceTree = "<group>"; };
		E29247D32AA1D2D4008C5F70 /* Evaluator.swift */ = {isa = PBXFileReference; fileEncoding = 4; lastKnownFileType = sourcecode.swift; path = Evaluator.swift; sourceTree = "<group>"; };
		E29247D42AA1D2D4008C5F70 /* Tokens.swift */ = {isa = PBXFileReference; fileEncoding = 4; lastKnownFileType = sourcecode.swift; path = Tokens.swift; sourceTree = "<group>"; };
		E29247D52AA1D2D4008C5F70 /* Helpers.swift */ = {isa = PBXFileReference; fileEncoding = 4; lastKnownFileType = sourcecode.swift; path = Helpers.swift; sourceTree = "<group>"; };
		E29247D62AA1D2D4008C5F70 /* Toml.swift */ = {isa = PBXFileReference; fileEncoding = 4; lastKnownFileType = sourcecode.swift; path = Toml.swift; sourceTree = "<group>"; };
		E29247D72AA1D2D4008C5F70 /* Path.swift */ = {isa = PBXFileReference; fileEncoding = 4; lastKnownFileType = sourcecode.swift; path = Path.swift; sourceTree = "<group>"; };
		E29247D82AA1D2D4008C5F70 /* Regex.swift */ = {isa = PBXFileReference; fileEncoding = 4; lastKnownFileType = sourcecode.swift; path = Regex.swift; sourceTree = "<group>"; };
		E29247D92AA1D2D4008C5F70 /* Grammar.swift */ = {isa = PBXFileReference; fileEncoding = 4; lastKnownFileType = sourcecode.swift; path = Grammar.swift; sourceTree = "<group>"; };
		E29247DA2AA1D2D4008C5F70 /* String.swift */ = {isa = PBXFileReference; fileEncoding = 4; lastKnownFileType = sourcecode.swift; path = String.swift; sourceTree = "<group>"; };
		E29247DB2AA1D2D4008C5F70 /* Parser.swift */ = {isa = PBXFileReference; fileEncoding = 4; lastKnownFileType = sourcecode.swift; path = Parser.swift; sourceTree = "<group>"; };
		E29247E82AA1D3B2008C5F70 /* File.swift */ = {isa = PBXFileReference; lastKnownFileType = sourcecode.swift; path = File.swift; sourceTree = "<group>"; };
		E2E779602A934C1C00AB3F16 /* Expr.swift */ = {isa = PBXFileReference; lastKnownFileType = sourcecode.swift; path = Expr.swift; sourceTree = "<group>"; };
		E2E779622A93B5DB00AB3F16 /* DataType.swift */ = {isa = PBXFileReference; lastKnownFileType = sourcecode.swift; path = DataType.swift; sourceTree = "<group>"; };
		E2E779642A93B60C00AB3F16 /* GomodelsParserBaseVisitor+Ex.swift */ = {isa = PBXFileReference; lastKnownFileType = sourcecode.swift; path = "GomodelsParserBaseVisitor+Ex.swift"; sourceTree = "<group>"; };
		E2E779662A93B6B500AB3F16 /* MapDataType.swift */ = {isa = PBXFileReference; lastKnownFileType = sourcecode.swift; path = MapDataType.swift; sourceTree = "<group>"; };
		E2E779682A93B6CA00AB3F16 /* Pointer.swift */ = {isa = PBXFileReference; lastKnownFileType = sourcecode.swift; path = Pointer.swift; sourceTree = "<group>"; };
		E2E7796A2A93B6DB00AB3F16 /* ArrayDataType.swift */ = {isa = PBXFileReference; lastKnownFileType = sourcecode.swift; path = ArrayDataType.swift; sourceTree = "<group>"; };
		E2E7796C2A93B70100AB3F16 /* TypeField.swift */ = {isa = PBXFileReference; lastKnownFileType = sourcecode.swift; path = TypeField.swift; sourceTree = "<group>"; };
		E2E7796E2A93B71E00AB3F16 /* TypeStruct.swift */ = {isa = PBXFileReference; lastKnownFileType = sourcecode.swift; path = TypeStruct.swift; sourceTree = "<group>"; };
		E2E779702A93B73900AB3F16 /* Token+Ex.swift */ = {isa = PBXFileReference; lastKnownFileType = sourcecode.swift; path = "Token+Ex.swift"; sourceTree = "<group>"; };
		E2E779722A93B76C00AB3F16 /* ModelResult.swift */ = {isa = PBXFileReference; lastKnownFileType = sourcecode.swift; path = ModelResult.swift; sourceTree = "<group>"; };
		E2E779742A93B79C00AB3F16 /* Visitor.swift */ = {isa = PBXFileReference; lastKnownFileType = sourcecode.swift; path = Visitor.swift; sourceTree = "<group>"; };
/* End PBXFileReference section */

/* Begin PBXFrameworksBuildPhase section */
		E21AF9552A7B965B00E33912 /* Frameworks */ = {
			isa = PBXFrameworksBuildPhase;
			buildActionMask = 2147483647;
			files = (
				E21AF9882A7BED2100E33912 /* FileKit in Frameworks */,
				E21AF98B2A7C0B7000E33912 /* Antlr4 in Frameworks */,
			);
			runOnlyForDeploymentPostprocessing = 0;
		};
		E21AF9662A7B966400E33912 /* Frameworks */ = {
			isa = PBXFrameworksBuildPhase;
			buildActionMask = 2147483647;
			files = (
			);
			runOnlyForDeploymentPostprocessing = 0;
		};
		E21AF9702A7B966400E33912 /* Frameworks */ = {
			isa = PBXFrameworksBuildPhase;
			buildActionMask = 2147483647;
			files = (
			);
			runOnlyForDeploymentPostprocessing = 0;
		};
/* End PBXFrameworksBuildPhase section */

/* Begin PBXGroup section */
		E21AF94F2A7B965B00E33912 = {
			isa = PBXGroup;
			children = (
				E21AF95A2A7B965B00E33912 /* goparser */,
				E21AF96C2A7B966400E33912 /* goparserTests */,
				E21AF9762A7B966400E33912 /* goparserUITests */,
				E21AF9592A7B965B00E33912 /* Products */,
			);
			sourceTree = "<group>";
		};
		E21AF9592A7B965B00E33912 /* Products */ = {
			isa = PBXGroup;
			children = (
				E21AF9582A7B965B00E33912 /* goparser.app */,
				E21AF9692A7B966400E33912 /* goparserTests.xctest */,
				E21AF9732A7B966400E33912 /* goparserUITests.xctest */,
			);
			name = Products;
			sourceTree = "<group>";
		};
		E21AF95A2A7B965B00E33912 /* goparser */ = {
			isa = PBXGroup;
			children = (
				E26161212AA8CDDB00A30A84 /* models */,
				E261611E2AA8CD9600A30A84 /* views */,
				E29247CA2A9B09AA008C5F70 /* Info.plist */,
				E21AF9C72A8CB91F00E33912 /* parser */,
				E21AF9BA2A823E9400E33912 /* utils */,
				E21AF9AD2A8131CF00E33912 /* antlr */,
				E21AF95B2A7B965B00E33912 /* goparserApp.swift */,
				E21AF95F2A7B966400E33912 /* Assets.xcassets */,
				E21AF9642A7B966400E33912 /* goparser.entitlements */,
				E21AF9612A7B966400E33912 /* Preview Content */,
				E21AF98E2A7E1F8900E33912 /* Assistant.swift */,
			);
			path = goparser;
			sourceTree = "<group>";
		};
		E21AF9612A7B966400E33912 /* Preview Content */ = {
			isa = PBXGroup;
			children = (
				E21AF9622A7B966400E33912 /* Preview Assets.xcassets */,
			);
			path = "Preview Content";
			sourceTree = "<group>";
		};
		E21AF96C2A7B966400E33912 /* goparserTests */ = {
			isa = PBXGroup;
			children = (
				E21AF96D2A7B966400E33912 /* goparserTests.swift */,
			);
			path = goparserTests;
			sourceTree = "<group>";
		};
		E21AF9762A7B966400E33912 /* goparserUITests */ = {
			isa = PBXGroup;
			children = (
				E21AF9772A7B966400E33912 /* goparserUITests.swift */,
				E21AF9792A7B966400E33912 /* goparserUITestsLaunchTests.swift */,
			);
			path = goparserUITests;
			sourceTree = "<group>";
		};
		E21AF9AD2A8131CF00E33912 /* antlr */ = {
			isa = PBXGroup;
			children = (
				E21AF9BF2A8CB91000E33912 /* GomodelsLexer.swift */,
				E21AF9BC2A8CB91000E33912 /* GomodelsParser.swift */,
				E21AF9BD2A8CB91000E33912 /* GomodelsParserBaseListener.swift */,
				E21AF9BB2A8CB91000E33912 /* GomodelsParserBaseVisitor.swift */,
				E21AF9BE2A8CB91000E33912 /* GomodelsParserListener.swift */,
				E21AF9C02A8CB91000E33912 /* GomodelsParserVisitor.swift */,
			);
			path = antlr;
			sourceTree = "<group>";
		};
		E21AF9BA2A823E9400E33912 /* utils */ = {
			isa = PBXGroup;
			children = (
				E26161362AB99DCC00A30A84 /* SwiftUI */,
				E261612C2AB6EADF00A30A84 /* Cache */,
				E26161262AB20BB900A30A84 /* CNZone */,
				E29247CF2AA1D2D4008C5F70 /* Toml */,
				E21AF9B82A81F55B00E33912 /* GoParserBase.swift */,
				E21AF9B62A81EBA100E33912 /* GoVisitor.swift */,
				E29247C82A9A416C008C5F70 /* Panel+Ex.swift */,
				E29247CB2A9DCD6E008C5F70 /* GolangLocaleUtils.swift */,
				E29247CD2A9DCD86008C5F70 /* LocaleLanguage.swift */,
				E29247E82AA1D3B2008C5F70 /* File.swift */,
			);
			path = utils;
			sourceTree = "<group>";
		};
		E21AF9C72A8CB91F00E33912 /* parser */ = {
			isa = PBXGroup;
			children = (
				E21AF9C82A8CB97700E33912 /* parser.swift */,
				E21AF9CC2A8DB51A00E33912 /* visitor1.swift */,
				E2E779602A934C1C00AB3F16 /* Expr.swift */,
				E2E779622A93B5DB00AB3F16 /* DataType.swift */,
				E2E779642A93B60C00AB3F16 /* GomodelsParserBaseVisitor+Ex.swift */,
				E2E779662A93B6B500AB3F16 /* MapDataType.swift */,
				E2E779682A93B6CA00AB3F16 /* Pointer.swift */,
				E2E7796A2A93B6DB00AB3F16 /* ArrayDataType.swift */,
				E2E7796C2A93B70100AB3F16 /* TypeField.swift */,
				E2E7796E2A93B71E00AB3F16 /* TypeStruct.swift */,
				E2E779702A93B73900AB3F16 /* Token+Ex.swift */,
				E2E779722A93B76C00AB3F16 /* ModelResult.swift */,
				E2E779742A93B79C00AB3F16 /* Visitor.swift */,
			);
			path = parser;
			sourceTree = "<group>";
		};
		E261611E2AA8CD9600A30A84 /* views */ = {
			isa = PBXGroup;
			children = (
				E26161352AB9990400A30A84 /* ContentView */,
				E261611F2AA8CDA900A30A84 /* LanguageOptionsView.swift */,
				E26161332AB6ED1F00A30A84 /* Commands.swift */,
			);
			path = views;
			sourceTree = "<group>";
		};
		E26161212AA8CDDB00A30A84 /* models */ = {
			isa = PBXGroup;
			children = (
				E26161222AA8CDE700A30A84 /* LanguageRow.swift */,
				E26161242AA8CE0F00A30A84 /* TargetFile.swift */,
			);
			path = models;
			sourceTree = "<group>";
		};
		E26161262AB20BB900A30A84 /* CNZone */ = {
			isa = PBXGroup;
			children = (
				E26161272AB20C0A00A30A84 /* Core */,
			);
			path = CNZone;
			sourceTree = "<group>";
		};
		E26161272AB20C0A00A30A84 /* Core */ = {
			isa = PBXGroup;
			children = (
				E26161282AB20C1500A30A84 /* Log.swift */,
				E261612A2AB20CE800A30A84 /* UserDefault+Wrapper.swift */,
			);
			path = Core;
			sourceTree = "<group>";
		};
		E261612C2AB6EADF00A30A84 /* Cache */ = {
			isa = PBXGroup;
			children = (
				E261612D2AB6EAF300A30A84 /* ProjectCache.swift */,
			);
			path = Cache;
			sourceTree = "<group>";
		};
		E26161352AB9990400A30A84 /* ContentView */ = {
			isa = PBXGroup;
			children = (
				E21AF95D2A7B965B00E33912 /* ContentView.swift */,
				E261612F2AB6EB7A00A30A84 /* ContentView+Row.swift */,
				E26161312AB6EC1800A30A84 /* ContentView+Header.swift */,
			);
			path = ContentView;
			sourceTree = "<group>";
		};
		E26161362AB99DCC00A30A84 /* SwiftUI */ = {
			isa = PBXGroup;
			children = (
				E26161372AB99DE100A30A84 /* SwiftUI+Binding.swift */,
			);
			path = SwiftUI;
			sourceTree = "<group>";
		};
		E29247CF2AA1D2D4008C5F70 /* Toml */ = {
			isa = PBXGroup;
			children = (
				E29247D02AA1D2D4008C5F70 /* Date.swift */,
				E29247D12AA1D2D4008C5F70 /* Lexer.swift */,
				E29247D22AA1D2D4008C5F70 /* Serialize.swift */,
				E29247D32AA1D2D4008C5F70 /* Evaluator.swift */,
				E29247D42AA1D2D4008C5F70 /* Tokens.swift */,
				E29247D52AA1D2D4008C5F70 /* Helpers.swift */,
				E29247D62AA1D2D4008C5F70 /* Toml.swift */,
				E29247D72AA1D2D4008C5F70 /* Path.swift */,
				E29247D82AA1D2D4008C5F70 /* Regex.swift */,
				E29247D92AA1D2D4008C5F70 /* Grammar.swift */,
				E29247DA2AA1D2D4008C5F70 /* String.swift */,
				E29247DB2AA1D2D4008C5F70 /* Parser.swift */,
			);
			path = Toml;
			sourceTree = "<group>";
		};
/* End PBXGroup section */

/* Begin PBXNativeTarget section */
		E21AF9572A7B965B00E33912 /* goparser */ = {
			isa = PBXNativeTarget;
			buildConfigurationList = E21AF97D2A7B966400E33912 /* Build configuration list for PBXNativeTarget "goparser" */;
			buildPhases = (
				E21AF9542A7B965B00E33912 /* Sources */,
				E21AF9552A7B965B00E33912 /* Frameworks */,
				E21AF9562A7B965B00E33912 /* Resources */,
			);
			buildRules = (
			);
			dependencies = (
			);
			name = goparser;
			packageProductDependencies = (
				E21AF9872A7BED2100E33912 /* FileKit */,
				E21AF98A2A7C0B7000E33912 /* Antlr4 */,
			);
			productName = goparser;
			productReference = E21AF9582A7B965B00E33912 /* goparser.app */;
			productType = "com.apple.product-type.application";
		};
		E21AF9682A7B966400E33912 /* goparserTests */ = {
			isa = PBXNativeTarget;
			buildConfigurationList = E21AF9802A7B966400E33912 /* Build configuration list for PBXNativeTarget "goparserTests" */;
			buildPhases = (
				E21AF9652A7B966400E33912 /* Sources */,
				E21AF9662A7B966400E33912 /* Frameworks */,
				E21AF9672A7B966400E33912 /* Resources */,
			);
			buildRules = (
			);
			dependencies = (
				E21AF96B2A7B966400E33912 /* PBXTargetDependency */,
			);
			name = goparserTests;
			productName = goparserTests;
			productReference = E21AF9692A7B966400E33912 /* goparserTests.xctest */;
			productType = "com.apple.product-type.bundle.unit-test";
		};
		E21AF9722A7B966400E33912 /* goparserUITests */ = {
			isa = PBXNativeTarget;
			buildConfigurationList = E21AF9832A7B966400E33912 /* Build configuration list for PBXNativeTarget "goparserUITests" */;
			buildPhases = (
				E21AF96F2A7B966400E33912 /* Sources */,
				E21AF9702A7B966400E33912 /* Frameworks */,
				E21AF9712A7B966400E33912 /* Resources */,
			);
			buildRules = (
			);
			dependencies = (
				E21AF9752A7B966400E33912 /* PBXTargetDependency */,
			);
			name = goparserUITests;
			productName = goparserUITests;
			productReference = E21AF9732A7B966400E33912 /* goparserUITests.xctest */;
			productType = "com.apple.product-type.bundle.ui-testing";
		};
/* End PBXNativeTarget section */

/* Begin PBXProject section */
		E21AF9502A7B965B00E33912 /* Project object */ = {
			isa = PBXProject;
			attributes = {
				BuildIndependentTargetsInParallel = 1;
				LastSwiftUpdateCheck = 1500;
				LastUpgradeCheck = 1500;
				TargetAttributes = {
					E21AF9572A7B965B00E33912 = {
						CreatedOnToolsVersion = 15.0;
					};
					E21AF9682A7B966400E33912 = {
						CreatedOnToolsVersion = 15.0;
						TestTargetID = E21AF9572A7B965B00E33912;
					};
					E21AF9722A7B966400E33912 = {
						CreatedOnToolsVersion = 15.0;
						TestTargetID = E21AF9572A7B965B00E33912;
					};
				};
			};
			buildConfigurationList = E21AF9532A7B965B00E33912 /* Build configuration list for PBXProject "goparser" */;
			compatibilityVersion = "Xcode 14.0";
			developmentRegion = en;
			hasScannedForEncodings = 0;
			knownRegions = (
				en,
				Base,
			);
			mainGroup = E21AF94F2A7B965B00E33912;
			packageReferences = (
				E21AF9862A7BED2100E33912 /* XCRemoteSwiftPackageReference "FileKit" */,
				E21AF9892A7C0B7000E33912 /* XCRemoteSwiftPackageReference "antlr4" */,
			);
			productRefGroup = E21AF9592A7B965B00E33912 /* Products */;
			projectDirPath = "";
			projectRoot = "";
			targets = (
				E21AF9572A7B965B00E33912 /* goparser */,
				E21AF9682A7B966400E33912 /* goparserTests */,
				E21AF9722A7B966400E33912 /* goparserUITests */,
			);
		};
/* End PBXProject section */

/* Begin PBXResourcesBuildPhase section */
		E21AF9562A7B965B00E33912 /* Resources */ = {
			isa = PBXResourcesBuildPhase;
			buildActionMask = 2147483647;
			files = (
				E21AF9632A7B966400E33912 /* Preview Assets.xcassets in Resources */,
				E21AF9602A7B966400E33912 /* Assets.xcassets in Resources */,
			);
			runOnlyForDeploymentPostprocessing = 0;
		};
		E21AF9672A7B966400E33912 /* Resources */ = {
			isa = PBXResourcesBuildPhase;
			buildActionMask = 2147483647;
			files = (
			);
			runOnlyForDeploymentPostprocessing = 0;
		};
		E21AF9712A7B966400E33912 /* Resources */ = {
			isa = PBXResourcesBuildPhase;
			buildActionMask = 2147483647;
			files = (
			);
			runOnlyForDeploymentPostprocessing = 0;
		};
/* End PBXResourcesBuildPhase section */

/* Begin PBXSourcesBuildPhase section */
		E21AF9542A7B965B00E33912 /* Sources */ = {
			isa = PBXSourcesBuildPhase;
			buildActionMask = 2147483647;
			files = (
				E29247E62AA1D2D4008C5F70 /* String.swift in Sources */,
				E2E779672A93B6B500AB3F16 /* MapDataType.swift in Sources */,
				E26161292AB20C1500A30A84 /* Log.swift in Sources */,
				E29247E52AA1D2D4008C5F70 /* Grammar.swift in Sources */,
				E2E779732A93B76C00AB3F16 /* ModelResult.swift in Sources */,
				E21AF9C92A8CB97700E33912 /* parser.swift in Sources */,
				E29247E92AA1D3B2008C5F70 /* File.swift in Sources */,
				E26161202AA8CDA900A30A84 /* LanguageOptionsView.swift in Sources */,
				E2E779632A93B5DB00AB3F16 /* DataType.swift in Sources */,
				E29247E12AA1D2D4008C5F70 /* Helpers.swift in Sources */,
				E29247E42AA1D2D4008C5F70 /* Regex.swift in Sources */,
				E261612B2AB20CE800A30A84 /* UserDefault+Wrapper.swift in Sources */,
				E29247DF2AA1D2D4008C5F70 /* Evaluator.swift in Sources */,
				E21AF9C12A8CB91000E33912 /* GomodelsParserBaseVisitor.swift in Sources */,
				E29247C92A9A416C008C5F70 /* Panel+Ex.swift in Sources */,
				E29247E32AA1D2D4008C5F70 /* Path.swift in Sources */,
				E2E7796D2A93B70100AB3F16 /* TypeField.swift in Sources */,
				E29247E22AA1D2D4008C5F70 /* Toml.swift in Sources */,
				E2E779652A93B60C00AB3F16 /* GomodelsParserBaseVisitor+Ex.swift in Sources */,
				E26161382AB99DE100A30A84 /* SwiftUI+Binding.swift in Sources */,
				E21AF9C22A8CB91000E33912 /* GomodelsParser.swift in Sources */,
				E21AF9B72A81EBA100E33912 /* GoVisitor.swift in Sources */,
				E29247E72AA1D2D4008C5F70 /* Parser.swift in Sources */,
				E29247DD2AA1D2D4008C5F70 /* Lexer.swift in Sources */,
				E26161342AB6ED1F00A30A84 /* Commands.swift in Sources */,
				E21AF98F2A7E1F8900E33912 /* Assistant.swift in Sources */,
				E26161302AB6EB7A00A30A84 /* ContentView+Row.swift in Sources */,
				E261612E2AB6EAF300A30A84 /* ProjectCache.swift in Sources */,
				E26161252AA8CE0F00A30A84 /* TargetFile.swift in Sources */,
				E26161232AA8CDE700A30A84 /* LanguageRow.swift in Sources */,
				E21AF95E2A7B965B00E33912 /* ContentView.swift in Sources */,
				E2E7796F2A93B71E00AB3F16 /* TypeStruct.swift in Sources */,
				E21AF95C2A7B965B00E33912 /* goparserApp.swift in Sources */,
				E21AF9C32A8CB91000E33912 /* GomodelsParserBaseListener.swift in Sources */,
				E29247CC2A9DCD6E008C5F70 /* GolangLocaleUtils.swift in Sources */,
				E21AF9C62A8CB91000E33912 /* GomodelsParserVisitor.swift in Sources */,
				E2E7796B2A93B6DB00AB3F16 /* ArrayDataType.swift in Sources */,
				E2E779752A93B79C00AB3F16 /* Visitor.swift in Sources */,
				E21AF9C42A8CB91000E33912 /* GomodelsParserListener.swift in Sources */,
				E2E779612A934C1C00AB3F16 /* Expr.swift in Sources */,
				E21AF9C52A8CB91000E33912 /* GomodelsLexer.swift in Sources */,
				E29247CE2A9DCD86008C5F70 /* LocaleLanguage.swift in Sources */,
				E29247DE2AA1D2D4008C5F70 /* Serialize.swift in Sources */,
				E29247DC2AA1D2D4008C5F70 /* Date.swift in Sources */,
				E29247E02AA1D2D4008C5F70 /* Tokens.swift in Sources */,
				E2E779712A93B73900AB3F16 /* Token+Ex.swift in Sources */,
				E21AF9CD2A8DB51A00E33912 /* visitor1.swift in Sources */,
				E26161322AB6EC1800A30A84 /* ContentView+Header.swift in Sources */,
				E21AF9B92A81F55B00E33912 /* GoParserBase.swift in Sources */,
				E2E779692A93B6CA00AB3F16 /* Pointer.swift in Sources */,
			);
			runOnlyForDeploymentPostprocessing = 0;
		};
		E21AF9652A7B966400E33912 /* Sources */ = {
			isa = PBXSourcesBuildPhase;
			buildActionMask = 2147483647;
			files = (
				E21AF96E2A7B966400E33912 /* goparserTests.swift in Sources */,
			);
			runOnlyForDeploymentPostprocessing = 0;
		};
		E21AF96F2A7B966400E33912 /* Sources */ = {
			isa = PBXSourcesBuildPhase;
			buildActionMask = 2147483647;
			files = (
				E21AF97A2A7B966400E33912 /* goparserUITestsLaunchTests.swift in Sources */,
				E21AF9782A7B966400E33912 /* goparserUITests.swift in Sources */,
			);
			runOnlyForDeploymentPostprocessing = 0;
		};
/* End PBXSourcesBuildPhase section */

/* Begin PBXTargetDependency section */
		E21AF96B2A7B966400E33912 /* PBXTargetDependency */ = {
			isa = PBXTargetDependency;
			target = E21AF9572A7B965B00E33912 /* goparser */;
			targetProxy = E21AF96A2A7B966400E33912 /* PBXContainerItemProxy */;
		};
		E21AF9752A7B966400E33912 /* PBXTargetDependency */ = {
			isa = PBXTargetDependency;
			target = E21AF9572A7B965B00E33912 /* goparser */;
			targetProxy = E21AF9742A7B966400E33912 /* PBXContainerItemProxy */;
		};
/* End PBXTargetDependency section */

/* Begin XCBuildConfiguration section */
		E21AF97B2A7B966400E33912 /* Debug */ = {
			isa = XCBuildConfiguration;
			buildSettings = {
				ALWAYS_SEARCH_USER_PATHS = NO;
				ASSETCATALOG_COMPILER_GENERATE_SWIFT_ASSET_SYMBOL_EXTENSIONS = YES;
				CLANG_ANALYZER_NONNULL = YES;
				CLANG_ANALYZER_NUMBER_OBJECT_CONVERSION = YES_AGGRESSIVE;
				CLANG_CXX_LANGUAGE_STANDARD = "gnu++20";
				CLANG_ENABLE_MODULES = YES;
				CLANG_ENABLE_OBJC_ARC = YES;
				CLANG_ENABLE_OBJC_WEAK = YES;
				CLANG_WARN_BLOCK_CAPTURE_AUTORELEASING = YES;
				CLANG_WARN_BOOL_CONVERSION = YES;
				CLANG_WARN_COMMA = YES;
				CLANG_WARN_CONSTANT_CONVERSION = YES;
				CLANG_WARN_DEPRECATED_OBJC_IMPLEMENTATIONS = YES;
				CLANG_WARN_DIRECT_OBJC_ISA_USAGE = YES_ERROR;
				CLANG_WARN_DOCUMENTATION_COMMENTS = YES;
				CLANG_WARN_EMPTY_BODY = YES;
				CLANG_WARN_ENUM_CONVERSION = YES;
				CLANG_WARN_INFINITE_RECURSION = YES;
				CLANG_WARN_INT_CONVERSION = YES;
				CLANG_WARN_NON_LITERAL_NULL_CONVERSION = YES;
				CLANG_WARN_OBJC_IMPLICIT_RETAIN_SELF = YES;
				CLANG_WARN_OBJC_LITERAL_CONVERSION = YES;
				CLANG_WARN_OBJC_ROOT_CLASS = YES_ERROR;
				CLANG_WARN_QUOTED_INCLUDE_IN_FRAMEWORK_HEADER = YES;
				CLANG_WARN_RANGE_LOOP_ANALYSIS = YES;
				CLANG_WARN_STRICT_PROTOTYPES = YES;
				CLANG_WARN_SUSPICIOUS_MOVE = YES;
				CLANG_WARN_UNGUARDED_AVAILABILITY = YES_AGGRESSIVE;
				CLANG_WARN_UNREACHABLE_CODE = YES;
				CLANG_WARN__DUPLICATE_METHOD_MATCH = YES;
				COPY_PHASE_STRIP = NO;
				DEBUG_INFORMATION_FORMAT = dwarf;
				ENABLE_STRICT_OBJC_MSGSEND = YES;
				ENABLE_TESTABILITY = YES;
				ENABLE_USER_SCRIPT_SANDBOXING = YES;
				GCC_C_LANGUAGE_STANDARD = gnu17;
				GCC_DYNAMIC_NO_PIC = NO;
				GCC_NO_COMMON_BLOCKS = YES;
				GCC_OPTIMIZATION_LEVEL = 0;
				GCC_PREPROCESSOR_DEFINITIONS = (
					"DEBUG=1",
					"$(inherited)",
				);
				GCC_WARN_64_TO_32_BIT_CONVERSION = YES;
				GCC_WARN_ABOUT_RETURN_TYPE = YES_ERROR;
				GCC_WARN_UNDECLARED_SELECTOR = YES;
				GCC_WARN_UNINITIALIZED_AUTOS = YES_AGGRESSIVE;
				GCC_WARN_UNUSED_FUNCTION = YES;
				GCC_WARN_UNUSED_VARIABLE = YES;
				LOCALIZATION_PREFERS_STRING_CATALOGS = YES;
				MACOSX_DEPLOYMENT_TARGET = 13.5;
				MTL_ENABLE_DEBUG_INFO = INCLUDE_SOURCE;
				MTL_FAST_MATH = YES;
				ONLY_ACTIVE_ARCH = YES;
				SDKROOT = macosx;
				SWIFT_ACTIVE_COMPILATION_CONDITIONS = "DEBUG $(inherited)";
				SWIFT_OPTIMIZATION_LEVEL = "-Onone";
			};
			name = Debug;
		};
		E21AF97C2A7B966400E33912 /* Release */ = {
			isa = XCBuildConfiguration;
			buildSettings = {
				ALWAYS_SEARCH_USER_PATHS = NO;
				ASSETCATALOG_COMPILER_GENERATE_SWIFT_ASSET_SYMBOL_EXTENSIONS = YES;
				CLANG_ANALYZER_NONNULL = YES;
				CLANG_ANALYZER_NUMBER_OBJECT_CONVERSION = YES_AGGRESSIVE;
				CLANG_CXX_LANGUAGE_STANDARD = "gnu++20";
				CLANG_ENABLE_MODULES = YES;
				CLANG_ENABLE_OBJC_ARC = YES;
				CLANG_ENABLE_OBJC_WEAK = YES;
				CLANG_WARN_BLOCK_CAPTURE_AUTORELEASING = YES;
				CLANG_WARN_BOOL_CONVERSION = YES;
				CLANG_WARN_COMMA = YES;
				CLANG_WARN_CONSTANT_CONVERSION = YES;
				CLANG_WARN_DEPRECATED_OBJC_IMPLEMENTATIONS = YES;
				CLANG_WARN_DIRECT_OBJC_ISA_USAGE = YES_ERROR;
				CLANG_WARN_DOCUMENTATION_COMMENTS = YES;
				CLANG_WARN_EMPTY_BODY = YES;
				CLANG_WARN_ENUM_CONVERSION = YES;
				CLANG_WARN_INFINITE_RECURSION = YES;
				CLANG_WARN_INT_CONVERSION = YES;
				CLANG_WARN_NON_LITERAL_NULL_CONVERSION = YES;
				CLANG_WARN_OBJC_IMPLICIT_RETAIN_SELF = YES;
				CLANG_WARN_OBJC_LITERAL_CONVERSION = YES;
				CLANG_WARN_OBJC_ROOT_CLASS = YES_ERROR;
				CLANG_WARN_QUOTED_INCLUDE_IN_FRAMEWORK_HEADER = YES;
				CLANG_WARN_RANGE_LOOP_ANALYSIS = YES;
				CLANG_WARN_STRICT_PROTOTYPES = YES;
				CLANG_WARN_SUSPICIOUS_MOVE = YES;
				CLANG_WARN_UNGUARDED_AVAILABILITY = YES_AGGRESSIVE;
				CLANG_WARN_UNREACHABLE_CODE = YES;
				CLANG_WARN__DUPLICATE_METHOD_MATCH = YES;
				COPY_PHASE_STRIP = NO;
				DEBUG_INFORMATION_FORMAT = "dwarf-with-dsym";
				ENABLE_NS_ASSERTIONS = NO;
				ENABLE_STRICT_OBJC_MSGSEND = YES;
				ENABLE_USER_SCRIPT_SANDBOXING = YES;
				GCC_C_LANGUAGE_STANDARD = gnu17;
				GCC_NO_COMMON_BLOCKS = YES;
				GCC_WARN_64_TO_32_BIT_CONVERSION = YES;
				GCC_WARN_ABOUT_RETURN_TYPE = YES_ERROR;
				GCC_WARN_UNDECLARED_SELECTOR = YES;
				GCC_WARN_UNINITIALIZED_AUTOS = YES_AGGRESSIVE;
				GCC_WARN_UNUSED_FUNCTION = YES;
				GCC_WARN_UNUSED_VARIABLE = YES;
				LOCALIZATION_PREFERS_STRING_CATALOGS = YES;
				MACOSX_DEPLOYMENT_TARGET = 13.5;
				MTL_ENABLE_DEBUG_INFO = NO;
				MTL_FAST_MATH = YES;
				SDKROOT = macosx;
				SWIFT_COMPILATION_MODE = wholemodule;
			};
			name = Release;
		};
		E21AF97E2A7B966400E33912 /* Debug */ = {
			isa = XCBuildConfiguration;
			buildSettings = {
				ASSETCATALOG_COMPILER_APPICON_NAME = AppIcon;
				ASSETCATALOG_COMPILER_GLOBAL_ACCENT_COLOR_NAME = AccentColor;
				CODE_SIGN_ENTITLEMENTS = goparser/goparser.entitlements;
				CODE_SIGN_STYLE = Automatic;
				COMBINE_HIDPI_IMAGES = YES;
				CURRENT_PROJECT_VERSION = 1;
				DEVELOPMENT_ASSET_PATHS = "\"goparser/Preview Content\"";
				DEVELOPMENT_TEAM = XFX29M3795;
				ENABLE_HARDENED_RUNTIME = NO;
				ENABLE_PREVIEWS = YES;
				GENERATE_INFOPLIST_FILE = YES;
				INFOPLIST_FILE = goparser/Info.plist;
				INFOPLIST_KEY_NSHumanReadableCopyright = "";
				LD_RUNPATH_SEARCH_PATHS = (
					"$(inherited)",
					"@executable_path/../Frameworks",
				);
				MACOSX_DEPLOYMENT_TARGET = 13.5;
				MARKETING_VERSION = 1.0;
				PRODUCT_BUNDLE_IDENTIFIER = com.spectatornan.goparser;
				PRODUCT_NAME = "$(TARGET_NAME)";
				SWIFT_EMIT_LOC_STRINGS = YES;
				SWIFT_VERSION = 5.0;
			};
			name = Debug;
		};
		E21AF97F2A7B966400E33912 /* Release */ = {
			isa = XCBuildConfiguration;
			buildSettings = {
				ASSETCATALOG_COMPILER_APPICON_NAME = AppIcon;
				ASSETCATALOG_COMPILER_GLOBAL_ACCENT_COLOR_NAME = AccentColor;
				CODE_SIGN_ENTITLEMENTS = goparser/goparser.entitlements;
				CODE_SIGN_STYLE = Automatic;
				COMBINE_HIDPI_IMAGES = YES;
				CURRENT_PROJECT_VERSION = 1;
				DEVELOPMENT_ASSET_PATHS = "\"goparser/Preview Content\"";
				DEVELOPMENT_TEAM = XFX29M3795;
				ENABLE_HARDENED_RUNTIME = NO;
				ENABLE_PREVIEWS = YES;
				GENERATE_INFOPLIST_FILE = YES;
				INFOPLIST_FILE = goparser/Info.plist;
				INFOPLIST_KEY_NSHumanReadableCopyright = "";
				LD_RUNPATH_SEARCH_PATHS = (
					"$(inherited)",
					"@executable_path/../Frameworks",
				);
				MACOSX_DEPLOYMENT_TARGET = 13.5;
				MARKETING_VERSION = 1.0;
				PRODUCT_BUNDLE_IDENTIFIER = com.spectatornan.goparser;
				PRODUCT_NAME = "$(TARGET_NAME)";
				SWIFT_EMIT_LOC_STRINGS = YES;
				SWIFT_VERSION = 5.0;
			};
			name = Release;
		};
		E21AF9812A7B966400E33912 /* Debug */ = {
			isa = XCBuildConfiguration;
			buildSettings = {
				ALWAYS_EMBED_SWIFT_STANDARD_LIBRARIES = YES;
				BUNDLE_LOADER = "$(TEST_HOST)";
				CODE_SIGN_STYLE = Automatic;
				CURRENT_PROJECT_VERSION = 1;
				DEVELOPMENT_TEAM = XFX29M3795;
				GENERATE_INFOPLIST_FILE = YES;
				MACOSX_DEPLOYMENT_TARGET = 13.5;
				MARKETING_VERSION = 1.0;
				PRODUCT_BUNDLE_IDENTIFIER = com.spectatornan.goparserTests;
				PRODUCT_NAME = "$(TARGET_NAME)";
				SWIFT_EMIT_LOC_STRINGS = NO;
				SWIFT_VERSION = 5.0;
				TEST_HOST = "$(BUILT_PRODUCTS_DIR)/goparser.app/$(BUNDLE_EXECUTABLE_FOLDER_PATH)/goparser";
			};
			name = Debug;
		};
		E21AF9822A7B966400E33912 /* Release */ = {
			isa = XCBuildConfiguration;
			buildSettings = {
				ALWAYS_EMBED_SWIFT_STANDARD_LIBRARIES = YES;
				BUNDLE_LOADER = "$(TEST_HOST)";
				CODE_SIGN_STYLE = Automatic;
				CURRENT_PROJECT_VERSION = 1;
				DEVELOPMENT_TEAM = XFX29M3795;
				GENERATE_INFOPLIST_FILE = YES;
				MACOSX_DEPLOYMENT_TARGET = 13.5;
				MARKETING_VERSION = 1.0;
				PRODUCT_BUNDLE_IDENTIFIER = com.spectatornan.goparserTests;
				PRODUCT_NAME = "$(TARGET_NAME)";
				SWIFT_EMIT_LOC_STRINGS = NO;
				SWIFT_VERSION = 5.0;
				TEST_HOST = "$(BUILT_PRODUCTS_DIR)/goparser.app/$(BUNDLE_EXECUTABLE_FOLDER_PATH)/goparser";
			};
			name = Release;
		};
		E21AF9842A7B966400E33912 /* Debug */ = {
			isa = XCBuildConfiguration;
			buildSettings = {
				ALWAYS_EMBED_SWIFT_STANDARD_LIBRARIES = YES;
				CODE_SIGN_STYLE = Automatic;
				CURRENT_PROJECT_VERSION = 1;
				DEVELOPMENT_TEAM = XFX29M3795;
				GENERATE_INFOPLIST_FILE = YES;
				MARKETING_VERSION = 1.0;
				PRODUCT_BUNDLE_IDENTIFIER = com.spectatornan.goparserUITests;
				PRODUCT_NAME = "$(TARGET_NAME)";
				SWIFT_EMIT_LOC_STRINGS = NO;
				SWIFT_VERSION = 5.0;
				TEST_TARGET_NAME = goparser;
			};
			name = Debug;
		};
		E21AF9852A7B966400E33912 /* Release */ = {
			isa = XCBuildConfiguration;
			buildSettings = {
				ALWAYS_EMBED_SWIFT_STANDARD_LIBRARIES = YES;
				CODE_SIGN_STYLE = Automatic;
				CURRENT_PROJECT_VERSION = 1;
				DEVELOPMENT_TEAM = XFX29M3795;
				GENERATE_INFOPLIST_FILE = YES;
				MARKETING_VERSION = 1.0;
				PRODUCT_BUNDLE_IDENTIFIER = com.spectatornan.goparserUITests;
				PRODUCT_NAME = "$(TARGET_NAME)";
				SWIFT_EMIT_LOC_STRINGS = NO;
				SWIFT_VERSION = 5.0;
				TEST_TARGET_NAME = goparser;
			};
			name = Release;
		};
/* End XCBuildConfiguration section */

/* Begin XCConfigurationList section */
		E21AF9532A7B965B00E33912 /* Build configuration list for PBXProject "goparser" */ = {
			isa = XCConfigurationList;
			buildConfigurations = (
				E21AF97B2A7B966400E33912 /* Debug */,
				E21AF97C2A7B966400E33912 /* Release */,
			);
			defaultConfigurationIsVisible = 0;
			defaultConfigurationName = Release;
		};
		E21AF97D2A7B966400E33912 /* Build configuration list for PBXNativeTarget "goparser" */ = {
			isa = XCConfigurationList;
			buildConfigurations = (
				E21AF97E2A7B966400E33912 /* Debug */,
				E21AF97F2A7B966400E33912 /* Release */,
			);
			defaultConfigurationIsVisible = 0;
			defaultConfigurationName = Release;
		};
		E21AF9802A7B966400E33912 /* Build configuration list for PBXNativeTarget "goparserTests" */ = {
			isa = XCConfigurationList;
			buildConfigurations = (
				E21AF9812A7B966400E33912 /* Debug */,
				E21AF9822A7B966400E33912 /* Release */,
			);
			defaultConfigurationIsVisible = 0;
			defaultConfigurationName = Release;
		};
		E21AF9832A7B966400E33912 /* Build configuration list for PBXNativeTarget "goparserUITests" */ = {
			isa = XCConfigurationList;
			buildConfigurations = (
				E21AF9842A7B966400E33912 /* Debug */,
				E21AF9852A7B966400E33912 /* Release */,
			);
			defaultConfigurationIsVisible = 0;
			defaultConfigurationName = Release;
		};
/* End XCConfigurationList section */

/* Begin XCRemoteSwiftPackageReference section */
		E21AF9862A7BED2100E33912 /* XCRemoteSwiftPackageReference "FileKit" */ = {
			isa = XCRemoteSwiftPackageReference;
			repositoryURL = "https://github.com/nvzqz/FileKit.git";
			requirement = {
				kind = upToNextMajorVersion;
				minimumVersion = 6.1.0;
			};
		};
		E21AF9892A7C0B7000E33912 /* XCRemoteSwiftPackageReference "antlr4" */ = {
			isa = XCRemoteSwiftPackageReference;
			repositoryURL = "https://github.com/antlr/antlr4.git";
			requirement = {
				kind = upToNextMajorVersion;
				minimumVersion = 4.13.0;
			};
		};
/* End XCRemoteSwiftPackageReference section */

/* Begin XCSwiftPackageProductDependency section */
		E21AF9872A7BED2100E33912 /* FileKit */ = {
			isa = XCSwiftPackageProductDependency;
			package = E21AF9862A7BED2100E33912 /* XCRemoteSwiftPackageReference "FileKit" */;
			productName = FileKit;
		};
		E21AF98A2A7C0B7000E33912 /* Antlr4 */ = {
			isa = XCSwiftPackageProductDependency;
			package = E21AF9892A7C0B7000E33912 /* XCRemoteSwiftPackageReference "antlr4" */;
			productName = Antlr4;
		};
/* End XCSwiftPackageProductDependency section */
	};
	rootObject = E21AF9502A7B965B00E33912 /* Project object */;
}
